
Microsoft Visual Studio Solution File, Format Version 12.00
# Visual Studio Version 16
VisualStudioVersion = 16.0.30503.244
MinimumVisualStudioVersion = 10.0.40219.1
Project("{FAE04EC0-301F-11D3-BF4B-00C04F79EFBC}") = "Programing_DataSet", "Programing_DataSet.csproj", "{B49606C3-370E-4C03-946E-F35F709B8371}"
EndProject
Global
	GlobalSection(SolutionConfigurationPlatforms) = preSolution
		Debug|Any CPU = Debug|Any CPU
		Release|Any CPU = Release|Any CPU
	EndGlobalSection
	GlobalSection(ProjectConfigurationPlatforms) = postSolution
		{B49606C3-370E-4C03-946E-F35F709B8371}.Debug|Any CPU.ActiveCfg = Debug|Any CPU
		{B49606C3-370E-4C03-946E-F35F709B8371}.Debug|Any CPU.Build.0 = Debug|Any CPU
		{B49606C3-370E-4C03-946E-F35F709B8371}.Release|Any CPU.ActiveCfg = Release|Any CPU
		{B49606C3-370E-4C03-946E-F35F709B8371}.Release|Any CPU.Build.0 = Release|Any CPU
	EndGlobalSection
	GlobalSection(SolutionProperties) = preSolution
		HideSolutionNode = FALSE
	EndGlobalSection
	GlobalSection(ExtensibilityGlobals) = postSolution
		SolutionGuid = {3F644554-2C4B-4080-9CA2-E429D5F93C31}
	EndGlobalSection
EndGlobal
